
Microsoft Visual Studio Solution File, Format Version 12.00
# Visual Studio 15
VisualStudioVersion = 15.0.28307.1062
MinimumVisualStudioVersion = 10.0.40219.1
Project("{FAE04EC0-301F-11D3-BF4B-00C04F79EFBC}") = "OpenCL", "OpenCL\OpenCL.csproj", "{61DDEC8F-4120-4B2F-B174-CEAE9A35F7EE}"
EndProject
Global
	GlobalSection(SolutionConfigurationPlatforms) = preSolution
		Debug|Any CPU = Debug|Any CPU
		Release|Any CPU = Release|Any CPU
	EndGlobalSection
	GlobalSection(ProjectConfigurationPlatforms) = postSolution
		{61DDEC8F-4120-4B2F-B174-CEAE9A35F7EE}.Debug|Any CPU.ActiveCfg = Debug|Any CPU
		{61DDEC8F-4120-4B2F-B174-CEAE9A35F7EE}.Debug|Any CPU.Build.0 = Debug|Any CPU
		{61DDEC8F-4120-4B2F-B174-CEAE9A35F7EE}.Release|Any CPU.ActiveCfg = Release|Any CPU
		{61DDEC8F-4120-4B2F-B174-CEAE9A35F7EE}.Release|Any CPU.Build.0 = Release|Any CPU
	EndGlobalSection
	GlobalSection(SolutionProperties) = preSolution
		HideSolutionNode = FALSE
	EndGlobalSection
	GlobalSection(ExtensibilityGlobals) = postSolution
		SolutionGuid = {7DCEEA8F-5C81-48B7-91C6-3144E51A621C}
	EndGlobalSection
EndGlobal
